// !$*UTF8*$!
{
	archiveVersion = 1;
	classes = {
	};
	objectVersion = 50;
	objects = {

/* Begin PBXBuildFile section */
		31CB6CE2228B1F9700ED9EC6 /* AppDelegate.swift in Sources */ = {isa = PBXBuildFile; fileRef = 31CB6CE1228B1F9700ED9EC6 /* AppDelegate.swift */; };
		31CB6CE4228B1F9700ED9EC6 /* ViewController.swift in Sources */ = {isa = PBXBuildFile; fileRef = 31CB6CE3228B1F9700ED9EC6 /* ViewController.swift */; };
		31CB6CE7228B1F9700ED9EC6 /* Main.storyboard in Resources */ = {isa = PBXBuildFile; fileRef = 31CB6CE5228B1F9700ED9EC6 /* Main.storyboard */; };
		31CB6CE9228B1F9800ED9EC6 /* Assets.xcassets in Resources */ = {isa = PBXBuildFile; fileRef = 31CB6CE8228B1F9800ED9EC6 /* Assets.xcassets */; };
		31CB6CEC228B1F9800ED9EC6 /* LaunchScreen.storyboard in Resources */ = {isa = PBXBuildFile; fileRef = 31CB6CEA228B1F9800ED9EC6 /* LaunchScreen.storyboard */; };
/* End PBXBuildFile section */

/* Begin PBXFileReference section */
		31CB6CDE228B1F9700ED9EC6 /* HelloWorldLesson.app */ = {isa = PBXFileReference; explicitFileType = wrapper.application; includeInIndex = 0; path = HelloWorldLesson.app; sourceTree = BUILT_PRODUCTS_DIR; };
		31CB6CE1228B1F9700ED9EC6 /* AppDelegate.swift */ = {isa = PBXFileReference; lastKnownFileType = sourcecode.swift; path = AppDelegate.swift; sourceTree = "<group>"; };
		31CB6CE3228B1F9700ED9EC6 /* ViewController.swift */ = {isa = PBXFileReference; lastKnownFileType = sourcecode.swift; path = ViewController.swift; sourceTree = "<group>"; };
		31CB6CE6228B1F9700ED9EC6 /* Base */ = {isa = PBXFileReference; lastKnownFileType = file.storyboard; name = Base; path = Base.lproj/Main.storyboard; sourceTree = "<group>"; };
		31CB6CE8228B1F9800ED9EC6 /* Assets.xcassets */ = {isa = PBXFileReference; lastKnownFileType = folder.assetcatalog; path = Assets.xcassets; sourceTree = "<group>"; };
		31CB6CEB228B1F9800ED9EC6 /* Base */ = {isa = PBXFileReference; lastKnownFileType = file.storyboard; name = Base; path = Base.lproj/LaunchScreen.storyboard; sourceTree = "<group>"; };
		31CB6CED228B1F9800ED9EC6 /* Info.plist */ = {isa = PBXFileReference; lastKnownFileType = text.plist.xml; path = Info.plist; sourceTree = "<group>"; };
/* End PBXFileReference section */

/* Begin PBXFrameworksBuildPhase section */
		31CB6CDB228B1F9700ED9EC6 /* Frameworks */ = {
			isa = PBXFrameworksBuildPhase;
			buildActionMask = 2147483647;
			files = (
			);
			runOnlyForDeploymentPostprocessing = 0;
		};
/* End PBXFrameworksBuildPhase section */

/* Begin PBXGroup section */
		31CB6CD5228B1F9700ED9EC6 = {
			isa = PBXGroup;
			children = (
				31CB6CE0228B1F9700ED9EC6 /* HelloWorldLesson */,
				31CB6CDF228B1F9700ED9EC6 /* Products */,
			);
			sourceTree = "<group>";
		};
		31CB6CDF228B1F9700ED9EC6 /* Products */ = {
			isa = PBXGroup;
			children = (
				31CB6CDE228B1F9700ED9EC6 /* HelloWorldLesson.app */,
			);
			name = Products;
			sourceTree = "<group>";
		};
		31CB6CE0228B1F9700ED9EC6 /* HelloWorldLesson */ = {
			isa = PBXGroup;
			children = (
				31CB6CE1228B1F9700ED9EC6 /* AppDelegate.swift */,
				31CB6CE3228B1F9700ED9EC6 /* ViewController.swift */,
				31CB6CE5228B1F9700ED9EC6 /* Main.storyboard */,
				31CB6CE8228B1F9800ED9EC6 /* Assets.xcassets */,
				31CB6CEA228B1F9800ED9EC6 /* LaunchScreen.storyboard */,
				31CB6CED228B1F9800ED9EC6 /* Info.plist */,
			);
			path = HelloWorldLesson;
			sourceTree = "<group>";
		};
/* End PBXGroup section */

/* Begin PBXNativeTarget section */
		31CB6CDD228B1F9700ED9EC6 /* HelloWorldLesson */ = {
			isa = PBXNativeTarget;
			buildConfigurationList = 31CB6CF0228B1F9800ED9EC6 /* Build configuration list for PBXNativeTarget "HelloWorldLesson" */;
			buildPhases = (
				31CB6CDA228B1F9700ED9EC6 /* Sources */,
				31CB6CDB228B1F9700ED9EC6 /* Frameworks */,
				31CB6CDC228B1F9700ED9EC6 /* Resources */,
			);
			buildRules = (
			);
			dependencies = (
			);
			name = HelloWorldLesson;
			productName = HelloWorldLesson;
			productReference = 31CB6CDE228B1F9700ED9EC6 /* HelloWorldLesson.app */;
			productType = "com.apple.product-type.application";
		};
/* End PBXNativeTarget section */

/* Begin PBXProject section */
		31CB6CD6228B1F9700ED9EC6 /* Project object */ = {
			isa = PBXProject;
			attributes = {
				LastSwiftUpdateCheck = 1020;
				LastUpgradeCheck = 1020;
				ORGANIZATIONNAME = "Nikolai Pavlov";
				TargetAttributes = {
					31CB6CDD228B1F9700ED9EC6 = {
						CreatedOnToolsVersion = 10.2.1;
					};
				};
			};
			buildConfigurationList = 31CB6CD9228B1F9700ED9EC6 /* Build configuration list for PBXProject "HelloWorldLesson" */;
			compatibilityVersion = "Xcode 9.3";
			developmentRegion = en;
			hasScannedForEncodings = 0;
			knownRegions = (
				en,
				Base,
			);
			mainGroup = 31CB6CD5228B1F9700ED9EC6;
			productRefGroup = 31CB6CDF228B1F9700ED9EC6 /* Products */;
			projectDirPath = "";
			projectRoot = "";
			targets = (
				31CB6CDD228B1F9700ED9EC6 /* HelloWorldLesson */,
			);
		};
/* End PBXProject section */

/* Begin PBXResourcesBuildPhase section */
		31CB6CDC228B1F9700ED9EC6 /* Resources */ = {
			isa = PBXResourcesBuildPhase;
			buildActionMask = 2147483647;
			files = (
				31CB6CEC228B1F9800ED9EC6 /* LaunchScreen.storyboard in Resources */,
				31CB6CE9228B1F9800ED9EC6 /* Assets.xcassets in Resources */,
				31CB6CE7228B1F9700ED9EC6 /* Main.storyboard in Resources */,
			);
			runOnlyForDeploymentPostprocessing = 0;
		};
/* End PBXResourcesBuildPhase section */

/* Begin PBXSourcesBuildPhase section */
		31CB6CDA228B1F9700ED9EC6 /* Sources */ = {
			isa = PBXSourcesBuildPhase;
			buildActionMask = 2147483647;
			files = (
				31CB6CE4228B1F9700ED9EC6 /* ViewController.swift in Sources */,
				31CB6CE2228B1F9700ED9EC6 /* AppDelegate.swift in Sources */,
			);
			runOnlyForDeploymentPostprocessing = 0;
		};
/* End PBXSourcesBuildPhase section */

/* Begin PBXVariantGroup section */
		31CB6CE5228B1F9700ED9EC6 /* Main.storyboard */ = {
			isa = PBXVariantGroup;
			children = (
				31CB6CE6228B1F9700ED9EC6 /* Base */,
			);
			name = Main.storyboard;
			sourceTree = "<group>";
		};
		31CB6CEA228B1F9800ED9EC6 /* LaunchScreen.storyboard */ = {
			isa = PBXVariantGroup;
			children = (
				31CB6CEB228B1F9800ED9EC6 /* Base */,
			);
			name = LaunchScreen.storyboard;
			sourceTree = "<group>";
		};
/* End PBXVariantGroup section */

/* Begin XCBuildConfiguration section */
		31CB6CEE228B1F9800ED9EC6 /* Debug */ = {
			isa = XCBuildConfiguration;
			buildSettings = {
				ALWAYS_SEARCH_USER_PATHS = NO;
				CLANG_ANALYZER_NONNULL = YES;
				CLANG_ANALYZER_NUMBER_OBJECT_CONVERSION = YES_AGGRESSIVE;
				CLANG_CXX_LANGUAGE_STANDARD = "gnu++14";
				CLANG_CXX_LIBRARY = "libc++";
				CLANG_ENABLE_MODULES = YES;
				CLANG_ENABLE_OBJC_ARC = YES;
				CLANG_ENABLE_OBJC_WEAK = YES;
				CLANG_WARN_BLOCK_CAPTURE_AUTORELEASING = YES;
				CLANG_WARN_BOOL_CONVERSION = YES;
				CLANG_WARN_COMMA = YES;
				CLANG_WARN_CONSTANT_CONVERSION = YES;
				CLANG_WARN_DEPRECATED_OBJC_IMPLEMENTATIONS = YES;
				CLANG_WARN_DIRECT_OBJC_ISA_USAGE = YES_ERROR;
				CLANG_WARN_DOCUMENTATION_COMMENTS = YES;
				CLANG_WARN_EMPTY_BODY = YES;
				CLANG_WARN_ENUM_CONVERSION = YES;
				CLANG_WARN_INFINITE_RECURSION = YES;
				CLANG_WARN_INT_CONVERSION = YES;
				CLANG_WARN_NON_LITERAL_NULL_CONVERSION = YES;
				CLANG_WARN_OBJC_IMPLICIT_RETAIN_SELF = YES;
				CLANG_WARN_OBJC_LITERAL_CONVERSION = YES;
				CLANG_WARN_OBJC_ROOT_CLASS = YES_ERROR;
				CLANG_WARN_RANGE_LOOP_ANALYSIS = YES;
				CLANG_WARN_STRICT_PROTOTYPES = YES;
				CLANG_WARN_SUSPICIOUS_MOVE = YES;
				CLANG_WARN_UNGUARDED_AVAILABILITY = YES_AGGRESSIVE;
				CLANG_WARN_UNREACHABLE_CODE = YES;
				CLANG_WARN__DUPLICATE_METHOD_MATCH = YES;
				CODE_SIGN_IDENTITY = "iPhone Developer";
				COPY_PHASE_STRIP = NO;
				DEBUG_INFORMATION_FORMAT = dwarf;
				ENABLE_STRICT_OBJC_MSGSEND = YES;
				ENABLE_TESTABILITY = YES;
				GCC_C_LANGUAGE_STANDARD = gnu11;
				GCC_DYNAMIC_NO_PIC = NO;
				GCC_NO_COMMON_BLOCKS = YES;
				GCC_OPTIMIZATION_LEVEL = 0;
				GCC_PREPROCESSOR_DEFINITIONS = (
					"DEBUG=1",
					"$(inherited)",
				);
				GCC_WARN_64_TO_32_BIT_CONVERSION = YES;
				GCC_WARN_ABOUT_RETURN_TYPE = YES_ERROR;
				GCC_WARN_UNDECLARED_SELECTOR = YES;
				GCC_WARN_UNINITIALIZED_AUTOS = YES_AGGRESSIVE;
				GCC_WARN_UNUSED_FUNCTION = YES;
				GCC_WARN_UNUSED_VARIABLE = YES;
				IPHONEOS_DEPLOYMENT_TARGET = 12.2;
				MTL_ENABLE_DEBUG_INFO = INCLUDE_SOURCE;
				MTL_FAST_MATH = YES;
				ONLY_ACTIVE_ARCH = YES;
				SDKROOT = iphoneos;
				SWIFT_ACTIVE_COMPILATION_CONDITIONS = DEBUG;
				SWIFT_OPTIMIZATION_LEVEL = "-Onone";
			};
			name = Debug;
		};
		31CB6CEF228B1F9800ED9EC6 /* Release */ = {
			isa = XCBuildConfiguration;
			buildSettings = {
				ALWAYS_SEARCH_USER_PATHS = NO;
				CLANG_ANALYZER_NONNULL = YES;
				CLANG_ANALYZER_NUMBER_OBJECT_CONVERSION = YES_AGGRESSIVE;
				CLANG_CXX_LANGUAGE_STANDARD = "gnu++14";
				CLANG_CXX_LIBRARY = "libc++";
				CLANG_ENABLE_MODULES = YES;
				CLANG_ENABLE_OBJC_ARC = YES;
				CLANG_ENABLE_OBJC_WEAK = YES;
				CLANG_WARN_BLOCK_CAPTURE_AUTORELEASING = YES;
				CLANG_WARN_BOOL_CONVERSION = YES;
				CLANG_WARN_COMMA = YES;
				CLANG_WARN_CONSTANT_CONVERSION = YES;
				CLANG_WARN_DEPRECATED_OBJC_IMPLEMENTATIONS = YES;
				CLANG_WARN_DIRECT_OBJC_ISA_USAGE = YES_ERROR;
				CLANG_WARN_DOCUMENTATION_COMMENTS = YES;
				CLANG_WARN_EMPTY_BODY = YES;
				CLANG_WARN_ENUM_CONVERSION = YES;
				CLANG_WARN_INFINITE_RECURSION = YES;
				CLANG_WARN_INT_CONVERSION = YES;
				CLANG_WARN_NON_LITERAL_NULL_CONVERSION = YES;
				CLANG_WARN_OBJC_IMPLICIT_RETAIN_SELF = YES;
				CLANG_WARN_OBJC_LITERAL_CONVERSION = YES;
				CLANG_WARN_OBJC_ROOT_CLASS = YES_ERROR;
				CLANG_WARN_RANGE_LOOP_ANALYSIS = YES;
				CLANG_WARN_STRICT_PROTOTYPES = YES;
				CLANG_WARN_SUSPICIOUS_MOVE = YES;
				CLANG_WARN_UNGUARDED_AVAILABILITY = YES_AGGRESSIVE;
				CLANG_WARN_UNREACHABLE_CODE = YES;
				CLANG_WARN__DUPLICATE_METHOD_MATCH = YES;
				CODE_SIGN_IDENTITY = "iPhone Developer";
				COPY_PHASE_STRIP = NO;
				DEBUG_INFORMATION_FORMAT = "dwarf-with-dsym";
				ENABLE_NS_ASSERTIONS = NO;
				ENABLE_STRICT_OBJC_MSGSEND = YES;
				GCC_C_LANGUAGE_STANDARD = gnu11;
				GCC_NO_COMMON_BLOCKS = YES;
				GCC_WARN_64_TO_32_BIT_CONVERSION = YES;
				GCC_WARN_ABOUT_RETURN_TYPE = YES_ERROR;
				GCC_WARN_UNDECLARED_SELECTOR = YES;
				GCC_WARN_UNINITIALIZED_AUTOS = YES_AGGRESSIVE;
				GCC_WARN_UNUSED_FUNCTION = YES;
				GCC_WARN_UNUSED_VARIABLE = YES;
				IPHONEOS_DEPLOYMENT_TARGET = 12.2;
				MTL_ENABLE_DEBUG_INFO = NO;
				MTL_FAST_MATH = YES;
				SDKROOT = iphoneos;
				SWIFT_COMPILATION_MODE = wholemodule;
				SWIFT_OPTIMIZATION_LEVEL = "-O";
				VALIDATE_PRODUCT = YES;
			};
			name = Release;
		};
		31CB6CF1228B1F9800ED9EC6 /* Debug */ = {
			isa = XCBuildConfiguration;
			buildSettings = {
				ASSETCATALOG_COMPILER_APPICON_NAME = AppIcon;
				CODE_SIGN_STYLE = Automatic;
				DEVELOPMENT_TEAM = Y7LPC66QNH;
				INFOPLIST_FILE = HelloWorldLesson/Info.plist;
				LD_RUNPATH_SEARCH_PATHS = (
					"$(inherited)",
					"@executable_path/Frameworks",
				);
				PRODUCT_BUNDLE_IDENTIFIER = com.nikolaspavlov8.HelloWorldLesson;
				PRODUCT_NAME = "$(TARGET_NAME)";
				SWIFT_VERSION = 5.0;
				TARGETED_DEVICE_FAMILY = "1,2";
			};
			name = Debug;
		};
		31CB6CF2228B1F9800ED9EC6 /* Release */ = {
			isa = XCBuildConfiguration;
			buildSettings = {
				ASSETCATALOG_COMPILER_APPICON_NAME = AppIcon;
				CODE_SIGN_STYLE = Automatic;
				DEVELOPMENT_TEAM = Y7LPC66QNH;
				INFOPLIST_FILE = HelloWorldLesson/Info.plist;
				LD_RUNPATH_SEARCH_PATHS = (
					"$(inherited)",
					"@executable_path/Frameworks",
				);
				PRODUCT_BUNDLE_IDENTIFIER = com.nikolaspavlov8.HelloWorldLesson;
				PRODUCT_NAME = "$(TARGET_NAME)";
				SWIFT_VERSION = 5.0;
				TARGETED_DEVICE_FAMILY = "1,2";
			};
			name = Release;
		};
/* End XCBuildConfiguration section */

/* Begin XCConfigurationList section */
		31CB6CD9228B1F9700ED9EC6 /* Build configuration list for PBXProject "HelloWorldLesson" */ = {
			isa = XCConfigurationList;
			buildConfigurations = (
				31CB6CEE228B1F9800ED9EC6 /* Debug */,
				31CB6CEF228B1F9800ED9EC6 /* Release */,
			);
			defaultConfigurationIsVisible = 0;
			defaultConfigurationName = Release;
		};
		31CB6CF0228B1F9800ED9EC6 /* Build configuration list for PBXNativeTarget "HelloWorldLesson" */ = {
			isa = XCConfigurationList;
			buildConfigurations = (
				31CB6CF1228B1F9800ED9EC6 /* Debug */,
				31CB6CF2228B1F9800ED9EC6 /* Release */,
			);
			defaultConfigurationIsVisible = 0;
			defaultConfigurationName = Release;
		};
/* End XCConfigurationList section */
	};
	rootObject = 31CB6CD6228B1F9700ED9EC6 /* Project object */;
}
